# This file is automatically @generated by Cargo.
# It is not intended for manual editing.
version = 4

[[package]]
name = "re-cli"
version = "0.2.0-alpha.1"
dependencies = [
 "re-core",
 "re-plugin",
 "re-plugin-basic",
 "re-plugin-bmad",
 "re-plugin-claude",
 "re-plugin-claudebox",
 "re-plugin-codex",
 "re-plugin-github",
 "re-plugin-ssh",
 "re-plugin-tdd-strict",
]

[[package]]
name = "re-core"
version = "0.2.0-alpha.1"

[[package]]
name = "re-plugin"
version = "0.2.0-alpha.1"

[[package]]
name = "re-plugin-basic"
version = "0.2.0-alpha.1"
dependencies = [
 "re-plugin",
]

[[package]]
name = "re-plugin-bmad"
version = "0.2.0-alpha.1"
dependencies = [
 "re-plugin",
]

[[package]]
name = "re-plugin-claude"
version = "0.2.0-alpha.1"
dependencies = [
 "re-plugin",
]

[[package]]
name = "re-plugin-claudebox"
version = "0.2.0-alpha.1"
dependencies = [
 "re-plugin",
]

[[package]]
name = "re-plugin-codex"
version = "0.2.0-alpha.1"
dependencies = [
 "re-plugin",
]

[[package]]
name = "re-plugin-github"
version = "0.2.0-alpha.1"
dependencies = [
 "re-plugin",
]

[[package]]
name = "re-plugin-ssh"
version = "0.2.0-alpha.1"
dependencies = [
 "re-plugin",
]

[[package]]
name = "re-plugin-tdd-strict"
version = "0.2.0-alpha.1"
dependencies = [
 "re-plugin",
]
